
Microsoft Visual Studio Solution File, Format Version 12.00
# Visual Studio Version 17
VisualStudioVersion = 17.4.33205.214
MinimumVisualStudioVersion = 10.0.40219.1
Project("{FAE04EC0-301F-11D3-BF4B-00C04F79EFBC}") = "ChessGame", "ChessGame\ChessGame.csproj", "{DFCE9A98-1D7E-4C8F-A7D9-0342298BFF98}"
EndProject
Global
	GlobalSection(SolutionConfigurationPlatforms) = preSolution
		Debug|Any CPU = Debug|Any CPU
		Release|Any CPU = Release|Any CPU
	EndGlobalSection
	GlobalSection(ProjectConfigurationPlatforms) = postSolution
		{DFCE9A98-1D7E-4C8F-A7D9-0342298BFF98}.Debug|Any CPU.ActiveCfg = Debug|Any CPU
		{DFCE9A98-1D7E-4C8F-A7D9-0342298BFF98}.Debug|Any CPU.Build.0 = Debug|Any CPU
		{DFCE9A98-1D7E-4C8F-A7D9-0342298BFF98}.Release|Any CPU.ActiveCfg = Release|Any CPU
		{DFCE9A98-1D7E-4C8F-A7D9-0342298BFF98}.Release|Any CPU.Build.0 = Release|Any CPU
	EndGlobalSection
	GlobalSection(SolutionProperties) = preSolution
		HideSolutionNode = FALSE
	EndGlobalSection
	GlobalSection(ExtensibilityGlobals) = postSolution
		SolutionGuid = {25D853E2-57DE-478A-B0CB-947F96724EEC}
	EndGlobalSection
EndGlobal
